
Microsoft Visual Studio Solution File, Format Version 12.00
# Visual Studio Version 17
VisualStudioVersion = 17.14.36310.24 d17.14
MinimumVisualStudioVersion = 10.0.40219.1
Project("{888888A0-9F3D-457C-B088-3A5042F75D52}") = "s star", "s star\s star.pyproj", "{B72C1CA3-069C-423C-A5A2-4D5A4B41B0D8}"
EndProject
Global
	GlobalSection(SolutionConfigurationPlatforms) = preSolution
		Debug|Any CPU = Debug|Any CPU
		Release|Any CPU = Release|Any CPU
	EndGlobalSection
	GlobalSection(ProjectConfigurationPlatforms) = postSolution
		{B72C1CA3-069C-423C-A5A2-4D5A4B41B0D8}.Debug|Any CPU.ActiveCfg = Debug|Any CPU
		{B72C1CA3-069C-423C-A5A2-4D5A4B41B0D8}.Release|Any CPU.ActiveCfg = Release|Any CPU
	EndGlobalSection
	GlobalSection(SolutionProperties) = preSolution
		HideSolutionNode = FALSE
	EndGlobalSection
	GlobalSection(ExtensibilityGlobals) = postSolution
		SolutionGuid = {4384F347-DC90-4FBF-AA21-35D3DA745F49}
	EndGlobalSection
EndGlobal
