
Microsoft Visual Studio Solution File, Format Version 12.00
# Visual Studio Version 17
VisualStudioVersion = 17.14.36310.24 d17.14
MinimumVisualStudioVersion = 10.0.40219.1
Project("{888888A0-9F3D-457C-B088-3A5042F75D52}") = "hcfandlcm", "hcfandlcm\hcfandlcm.pyproj", "{13396600-E51A-490A-AE28-7454DECA6AF0}"
EndProject
Global
	GlobalSection(SolutionConfigurationPlatforms) = preSolution
		Debug|Any CPU = Debug|Any CPU
		Release|Any CPU = Release|Any CPU
	EndGlobalSection
	GlobalSection(ProjectConfigurationPlatforms) = postSolution
		{13396600-E51A-490A-AE28-7454DECA6AF0}.Debug|Any CPU.ActiveCfg = Debug|Any CPU
		{13396600-E51A-490A-AE28-7454DECA6AF0}.Release|Any CPU.ActiveCfg = Release|Any CPU
	EndGlobalSection
	GlobalSection(SolutionProperties) = preSolution
		HideSolutionNode = FALSE
	EndGlobalSection
	GlobalSection(ExtensibilityGlobals) = postSolution
		SolutionGuid = {DFCF7340-9598-46D7-98C2-1244B6FD3CC3}
	EndGlobalSection
EndGlobal
