
Microsoft Visual Studio Solution File, Format Version 12.00
# Visual Studio Version 17
VisualStudioVersion = 17.14.36310.24 d17.14
MinimumVisualStudioVersion = 10.0.40219.1
Project("{888888A0-9F3D-457C-B088-3A5042F75D52}") = "string2", "string2\string2.pyproj", "{8A176CDE-3662-4F8E-B9B8-9990BF6D957E}"
EndProject
Global
	GlobalSection(SolutionConfigurationPlatforms) = preSolution
		Debug|Any CPU = Debug|Any CPU
		Release|Any CPU = Release|Any CPU
	EndGlobalSection
	GlobalSection(ProjectConfigurationPlatforms) = postSolution
		{8A176CDE-3662-4F8E-B9B8-9990BF6D957E}.Debug|Any CPU.ActiveCfg = Debug|Any CPU
		{8A176CDE-3662-4F8E-B9B8-9990BF6D957E}.Release|Any CPU.ActiveCfg = Release|Any CPU
	EndGlobalSection
	GlobalSection(SolutionProperties) = preSolution
		HideSolutionNode = FALSE
	EndGlobalSection
	GlobalSection(ExtensibilityGlobals) = postSolution
		SolutionGuid = {ED16C8DC-A549-47FF-93F5-D0F658FD4295}
	EndGlobalSection
EndGlobal
