
Microsoft Visual Studio Solution File, Format Version 12.00
# Visual Studio Version 17
VisualStudioVersion = 17.14.36310.24 d17.14
MinimumVisualStudioVersion = 10.0.40219.1
Project("{888888A0-9F3D-457C-B088-3A5042F75D52}") = "olaHW", "olaHW\olaHW.pyproj", "{2826AF25-F725-42A1-9817-755610F9F15D}"
EndProject
Global
	GlobalSection(SolutionConfigurationPlatforms) = preSolution
		Debug|Any CPU = Debug|Any CPU
		Release|Any CPU = Release|Any CPU
	EndGlobalSection
	GlobalSection(ProjectConfigurationPlatforms) = postSolution
		{2826AF25-F725-42A1-9817-755610F9F15D}.Debug|Any CPU.ActiveCfg = Debug|Any CPU
		{2826AF25-F725-42A1-9817-755610F9F15D}.Release|Any CPU.ActiveCfg = Release|Any CPU
	EndGlobalSection
	GlobalSection(SolutionProperties) = preSolution
		HideSolutionNode = FALSE
	EndGlobalSection
	GlobalSection(ExtensibilityGlobals) = postSolution
		SolutionGuid = {50C4E156-DC7F-4074-A66C-860840A17A81}
	EndGlobalSection
EndGlobal
