
Microsoft Visual Studio Solution File, Format Version 12.00
# Visual Studio Version 17
VisualStudioVersion = 17.14.36310.24 d17.14
MinimumVisualStudioVersion = 10.0.40219.1
Project("{888888A0-9F3D-457C-B088-3A5042F75D52}") = "dictionary18-6", "dictionary18-6\dictionary18-6.pyproj", "{B14A0171-267D-4A2F-9B1F-E6ABF3DBACCA}"
EndProject
Global
	GlobalSection(SolutionConfigurationPlatforms) = preSolution
		Debug|Any CPU = Debug|Any CPU
		Release|Any CPU = Release|Any CPU
	EndGlobalSection
	GlobalSection(ProjectConfigurationPlatforms) = postSolution
		{B14A0171-267D-4A2F-9B1F-E6ABF3DBACCA}.Debug|Any CPU.ActiveCfg = Debug|Any CPU
		{B14A0171-267D-4A2F-9B1F-E6ABF3DBACCA}.Release|Any CPU.ActiveCfg = Release|Any CPU
	EndGlobalSection
	GlobalSection(SolutionProperties) = preSolution
		HideSolutionNode = FALSE
	EndGlobalSection
	GlobalSection(ExtensibilityGlobals) = postSolution
		SolutionGuid = {8E1D1050-D02E-461C-B377-44F64BF3EAC3}
	EndGlobalSection
EndGlobal
