
Microsoft Visual Studio Solution File, Format Version 12.00
# Visual Studio Version 17
VisualStudioVersion = 17.14.36310.24 d17.14
MinimumVisualStudioVersion = 10.0.40219.1
Project("{888888A0-9F3D-457C-B088-3A5042F75D52}") = "olausingif_elif", "olausingif_elif\olausingif_elif.pyproj", "{50E9A4DC-5BA3-41D7-841E-A875717957D4}"
EndProject
Global
	GlobalSection(SolutionConfigurationPlatforms) = preSolution
		Debug|Any CPU = Debug|Any CPU
		Release|Any CPU = Release|Any CPU
	EndGlobalSection
	GlobalSection(ProjectConfigurationPlatforms) = postSolution
		{50E9A4DC-5BA3-41D7-841E-A875717957D4}.Debug|Any CPU.ActiveCfg = Debug|Any CPU
		{50E9A4DC-5BA3-41D7-841E-A875717957D4}.Release|Any CPU.ActiveCfg = Release|Any CPU
	EndGlobalSection
	GlobalSection(SolutionProperties) = preSolution
		HideSolutionNode = FALSE
	EndGlobalSection
	GlobalSection(ExtensibilityGlobals) = postSolution
		SolutionGuid = {A18E9DBF-1B70-43F4-A496-9562585D18C5}
	EndGlobalSection
EndGlobal
