
Microsoft Visual Studio Solution File, Format Version 12.00
# Visual Studio Version 17
VisualStudioVersion = 17.14.36310.24 d17.14
MinimumVisualStudioVersion = 10.0.40219.1
Project("{888888A0-9F3D-457C-B088-3A5042F75D52}") = "strings", "strings\strings.pyproj", "{DCC6CFCD-8B8C-4D5B-BC5E-9843428538CA}"
EndProject
Global
	GlobalSection(SolutionConfigurationPlatforms) = preSolution
		Debug|Any CPU = Debug|Any CPU
		Release|Any CPU = Release|Any CPU
	EndGlobalSection
	GlobalSection(ProjectConfigurationPlatforms) = postSolution
		{DCC6CFCD-8B8C-4D5B-BC5E-9843428538CA}.Debug|Any CPU.ActiveCfg = Debug|Any CPU
		{DCC6CFCD-8B8C-4D5B-BC5E-9843428538CA}.Release|Any CPU.ActiveCfg = Release|Any CPU
	EndGlobalSection
	GlobalSection(SolutionProperties) = preSolution
		HideSolutionNode = FALSE
	EndGlobalSection
	GlobalSection(ExtensibilityGlobals) = postSolution
		SolutionGuid = {275A3E05-DA83-447B-8ECC-BDB18863AAE4}
	EndGlobalSection
EndGlobal
