
Microsoft Visual Studio Solution File, Format Version 12.00
# Visual Studio Version 17
VisualStudioVersion = 17.14.36310.24 d17.14
MinimumVisualStudioVersion = 10.0.40219.1
Project("{888888A0-9F3D-457C-B088-3A5042F75D52}") = "practice5", "practice5\practice5.pyproj", "{0778CBAE-1096-4719-AF08-F661EA37A3CC}"
EndProject
Global
	GlobalSection(SolutionConfigurationPlatforms) = preSolution
		Debug|Any CPU = Debug|Any CPU
		Release|Any CPU = Release|Any CPU
	EndGlobalSection
	GlobalSection(ProjectConfigurationPlatforms) = postSolution
		{0778CBAE-1096-4719-AF08-F661EA37A3CC}.Debug|Any CPU.ActiveCfg = Debug|Any CPU
		{0778CBAE-1096-4719-AF08-F661EA37A3CC}.Release|Any CPU.ActiveCfg = Release|Any CPU
	EndGlobalSection
	GlobalSection(SolutionProperties) = preSolution
		HideSolutionNode = FALSE
	EndGlobalSection
	GlobalSection(ExtensibilityGlobals) = postSolution
		SolutionGuid = {5B79A450-CEB6-4762-897B-975FEEE991B1}
	EndGlobalSection
EndGlobal
