
Microsoft Visual Studio Solution File, Format Version 12.00
# Visual Studio Version 17
VisualStudioVersion = 17.14.36310.24 d17.14
MinimumVisualStudioVersion = 10.0.40219.1
Project("{888888A0-9F3D-457C-B088-3A5042F75D52}") = "armstrong", "armstrong\armstrong.pyproj", "{06733756-CE0C-43F9-9C0E-B785101E9E0F}"
EndProject
Global
	GlobalSection(SolutionConfigurationPlatforms) = preSolution
		Debug|Any CPU = Debug|Any CPU
		Release|Any CPU = Release|Any CPU
	EndGlobalSection
	GlobalSection(ProjectConfigurationPlatforms) = postSolution
		{06733756-CE0C-43F9-9C0E-B785101E9E0F}.Debug|Any CPU.ActiveCfg = Debug|Any CPU
		{06733756-CE0C-43F9-9C0E-B785101E9E0F}.Release|Any CPU.ActiveCfg = Release|Any CPU
	EndGlobalSection
	GlobalSection(SolutionProperties) = preSolution
		HideSolutionNode = FALSE
	EndGlobalSection
	GlobalSection(ExtensibilityGlobals) = postSolution
		SolutionGuid = {C5B529AE-D9E7-4E00-AE19-9E9E41C296A3}
	EndGlobalSection
EndGlobal
