
Microsoft Visual Studio Solution File, Format Version 12.00
# Visual Studio Version 17
VisualStudioVersion = 17.14.36310.24 d17.14
MinimumVisualStudioVersion = 10.0.40219.1
Project("{888888A0-9F3D-457C-B088-3A5042F75D52}") = "star5", "star5\star5.pyproj", "{73DC2DE0-DE06-4BBF-BF7E-DDBB4D147002}"
EndProject
Global
	GlobalSection(SolutionConfigurationPlatforms) = preSolution
		Debug|Any CPU = Debug|Any CPU
		Release|Any CPU = Release|Any CPU
	EndGlobalSection
	GlobalSection(ProjectConfigurationPlatforms) = postSolution
		{73DC2DE0-DE06-4BBF-BF7E-DDBB4D147002}.Debug|Any CPU.ActiveCfg = Debug|Any CPU
		{73DC2DE0-DE06-4BBF-BF7E-DDBB4D147002}.Release|Any CPU.ActiveCfg = Release|Any CPU
	EndGlobalSection
	GlobalSection(SolutionProperties) = preSolution
		HideSolutionNode = FALSE
	EndGlobalSection
	GlobalSection(ExtensibilityGlobals) = postSolution
		SolutionGuid = {BCBA7D01-5D10-4397-892F-DC9DB4F33467}
	EndGlobalSection
EndGlobal
